// !$*UTF8*$!
{
	archiveVersion = 1;
	classes = {
	};
	objectVersion = 56;
	objects = {

/* Begin PBXBuildFile section */
		A237E79629E4E49C0061A22C /* AppDelegate.swift in Sources */ = {isa = PBXBuildFile; fileRef = A237E79529E4E49C0061A22C /* AppDelegate.swift */; };
		A237E79829E4E49C0061A22C /* SceneDelegate.swift in Sources */ = {isa = PBXBuildFile; fileRef = A237E79729E4E49C0061A22C /* SceneDelegate.swift */; };
		A237E79D29E4E49C0061A22C /* Main.storyboard in Resources */ = {isa = PBXBuildFile; fileRef = A237E79B29E4E49C0061A22C /* Main.storyboard */; };
		A237E7A229E4E49D0061A22C /* LaunchScreen.storyboard in Resources */ = {isa = PBXBuildFile; fileRef = A237E7A029E4E49D0061A22C /* LaunchScreen.storyboard */; };
		A237E7BF29E4E94F0061A22C /* burnley.mp3 in Resources */ = {isa = PBXBuildFile; fileRef = A237E7AB29E4E94F0061A22C /* burnley.mp3 */; };
		A237E7C029E4E94F0061A22C /* newcastle.mp3 in Resources */ = {isa = PBXBuildFile; fileRef = A237E7AC29E4E94F0061A22C /* newcastle.mp3 */; };
		A237E7C129E4E94F0061A22C /* sheffield.mp3 in Resources */ = {isa = PBXBuildFile; fileRef = A237E7AD29E4E94F0061A22C /* sheffield.mp3 */; };
		A237E7C229E4E94F0061A22C /* west_brom.mp3 in Resources */ = {isa = PBXBuildFile; fileRef = A237E7AE29E4E94F0061A22C /* west_brom.mp3 */; };
		A237E7C329E4E94F0061A22C /* wolves.mp3 in Resources */ = {isa = PBXBuildFile; fileRef = A237E7AF29E4E94F0061A22C /* wolves.mp3 */; };
		A237E7C429E4E94F0061A22C /* aston_villa.mp3 in Resources */ = {isa = PBXBuildFile; fileRef = A237E7B029E4E94F0061A22C /* aston_villa.mp3 */; };
		A237E7C529E4E94F0061A22C /* liverpool.mp3 in Resources */ = {isa = PBXBuildFile; fileRef = A237E7B129E4E94F0061A22C /* liverpool.mp3 */; };
		A237E7C629E4E94F0061A22C /* fulham.mp3 in Resources */ = {isa = PBXBuildFile; fileRef = A237E7B229E4E94F0061A22C /* fulham.mp3 */; };
		A237E7C729E4E94F0061A22C /* southampton.mp3 in Resources */ = {isa = PBXBuildFile; fileRef = A237E7B329E4E94F0061A22C /* southampton.mp3 */; };
		A237E7C829E4E94F0061A22C /* chelsea.mp3 in Resources */ = {isa = PBXBuildFile; fileRef = A237E7B429E4E94F0061A22C /* chelsea.mp3 */; };
		A237E7C929E4E94F0061A22C /* leeds.mp3 in Resources */ = {isa = PBXBuildFile; fileRef = A237E7B529E4E94F0061A22C /* leeds.mp3 */; };
		A237E7CA29E4E94F0061A22C /* palace.mp3 in Resources */ = {isa = PBXBuildFile; fileRef = A237E7B629E4E94F0061A22C /* palace.mp3 */; };
		A237E7CB29E4E94F0061A22C /* tottenham.mp3 in Resources */ = {isa = PBXBuildFile; fileRef = A237E7B729E4E94F0061A22C /* tottenham.mp3 */; };
		A237E7CC29E4E94F0061A22C /* brighton.mp3 in Resources */ = {isa = PBXBuildFile; fileRef = A237E7B829E4E94F0061A22C /* brighton.mp3 */; };
		A237E7CD29E4E94F0061A22C /* leicester.mp3 in Resources */ = {isa = PBXBuildFile; fileRef = A237E7B929E4E94F0061A22C /* leicester.mp3 */; };
		A237E7CE29E4E94F0061A22C /* manchester_city.mp3 in Resources */ = {isa = PBXBuildFile; fileRef = A237E7BA29E4E94F0061A22C /* manchester_city.mp3 */; };
		A237E7CF29E4E94F0061A22C /* manchester_united.mp3 in Resources */ = {isa = PBXBuildFile; fileRef = A237E7BB29E4E94F0061A22C /* manchester_united.mp3 */; };
		A237E7D029E4E94F0061A22C /* arsenal.mp3 in Resources */ = {isa = PBXBuildFile; fileRef = A237E7BC29E4E94F0061A22C /* arsenal.mp3 */; };
		A237E7D129E4E94F0061A22C /* everton.mp3 in Resources */ = {isa = PBXBuildFile; fileRef = A237E7BD29E4E94F0061A22C /* everton.mp3 */; };
		A237E7D229E4E94F0061A22C /* Teams.swift in Sources */ = {isa = PBXBuildFile; fileRef = A237E7BE29E4E94F0061A22C /* Teams.swift */; };
		A237E7D429E4E97A0061A22C /* Assets.xcassets in Resources */ = {isa = PBXBuildFile; fileRef = A237E7D329E4E97A0061A22C /* Assets.xcassets */; };
		A237E7D729E4E9A30061A22C /* TeamsViewModel.swift in Sources */ = {isa = PBXBuildFile; fileRef = A237E7D629E4E9A30061A22C /* TeamsViewModel.swift */; };
		A237E7DA29E4FB220061A22C /* ChantsViewController.swift in Sources */ = {isa = PBXBuildFile; fileRef = A237E7D929E4FB220061A22C /* ChantsViewController.swift */; };
		A237E7DD29E626610061A22C /* Team.swift in Sources */ = {isa = PBXBuildFile; fileRef = A237E7DC29E626610061A22C /* Team.swift */; };
		A237E7DF29E626F70061A22C /* Manager.swift in Sources */ = {isa = PBXBuildFile; fileRef = A237E7DE29E626F70061A22C /* Manager.swift */; };
/* End PBXBuildFile section */

/* Begin PBXFileReference section */
		A237E79229E4E49C0061A22C /* FootballChants.app */ = {isa = PBXFileReference; explicitFileType = wrapper.application; includeInIndex = 0; path = FootballChants.app; sourceTree = BUILT_PRODUCTS_DIR; };
		A237E79529E4E49C0061A22C /* AppDelegate.swift */ = {isa = PBXFileReference; lastKnownFileType = sourcecode.swift; path = AppDelegate.swift; sourceTree = "<group>"; };
		A237E79729E4E49C0061A22C /* SceneDelegate.swift */ = {isa = PBXFileReference; lastKnownFileType = sourcecode.swift; path = SceneDelegate.swift; sourceTree = "<group>"; };
		A237E79C29E4E49C0061A22C /* Base */ = {isa = PBXFileReference; lastKnownFileType = file.storyboard; name = Base; path = Base.lproj/Main.storyboard; sourceTree = "<group>"; };
		A237E7A129E4E49D0061A22C /* Base */ = {isa = PBXFileReference; lastKnownFileType = file.storyboard; name = Base; path = Base.lproj/LaunchScreen.storyboard; sourceTree = "<group>"; };
		A237E7A329E4E49D0061A22C /* Info.plist */ = {isa = PBXFileReference; lastKnownFileType = text.plist.xml; path = Info.plist; sourceTree = "<group>"; };
		A237E7AB29E4E94F0061A22C /* burnley.mp3 */ = {isa = PBXFileReference; lastKnownFileType = audio.mp3; path = burnley.mp3; sourceTree = "<group>"; };
		A237E7AC29E4E94F0061A22C /* newcastle.mp3 */ = {isa = PBXFileReference; lastKnownFileType = audio.mp3; path = newcastle.mp3; sourceTree = "<group>"; };
		A237E7AD29E4E94F0061A22C /* sheffield.mp3 */ = {isa = PBXFileReference; lastKnownFileType = audio.mp3; path = sheffield.mp3; sourceTree = "<group>"; };
		A237E7AE29E4E94F0061A22C /* west_brom.mp3 */ = {isa = PBXFileReference; lastKnownFileType = audio.mp3; path = west_brom.mp3; sourceTree = "<group>"; };
		A237E7AF29E4E94F0061A22C /* wolves.mp3 */ = {isa = PBXFileReference; lastKnownFileType = audio.mp3; path = wolves.mp3; sourceTree = "<group>"; };
		A237E7B029E4E94F0061A22C /* aston_villa.mp3 */ = {isa = PBXFileReference; lastKnownFileType = audio.mp3; path = aston_villa.mp3; sourceTree = "<group>"; };
		A237E7B129E4E94F0061A22C /* liverpool.mp3 */ = {isa = PBXFileReference; lastKnownFileType = audio.mp3; path = liverpool.mp3; sourceTree = "<group>"; };
		A237E7B229E4E94F0061A22C /* fulham.mp3 */ = {isa = PBXFileReference; lastKnownFileType = audio.mp3; path = fulham.mp3; sourceTree = "<group>"; };
		A237E7B329E4E94F0061A22C /* southampton.mp3 */ = {isa = PBXFileReference; lastKnownFileType = audio.mp3; path = southampton.mp3; sourceTree = "<group>"; };
		A237E7B429E4E94F0061A22C /* chelsea.mp3 */ = {isa = PBXFileReference; lastKnownFileType = audio.mp3; path = chelsea.mp3; sourceTree = "<group>"; };
		A237E7B529E4E94F0061A22C /* leeds.mp3 */ = {isa = PBXFileReference; lastKnownFileType = audio.mp3; path = leeds.mp3; sourceTree = "<group>"; };
		A237E7B629E4E94F0061A22C /* palace.mp3 */ = {isa = PBXFileReference; lastKnownFileType = audio.mp3; path = palace.mp3; sourceTree = "<group>"; };
		A237E7B729E4E94F0061A22C /* tottenham.mp3 */ = {isa = PBXFileReference; lastKnownFileType = audio.mp3; path = tottenham.mp3; sourceTree = "<group>"; };
		A237E7B829E4E94F0061A22C /* brighton.mp3 */ = {isa = PBXFileReference; lastKnownFileType = audio.mp3; path = brighton.mp3; sourceTree = "<group>"; };
		A237E7B929E4E94F0061A22C /* leicester.mp3 */ = {isa = PBXFileReference; lastKnownFileType = audio.mp3; path = leicester.mp3; sourceTree = "<group>"; };
		A237E7BA29E4E94F0061A22C /* manchester_city.mp3 */ = {isa = PBXFileReference; lastKnownFileType = audio.mp3; path = manchester_city.mp3; sourceTree = "<group>"; };
		A237E7BB29E4E94F0061A22C /* manchester_united.mp3 */ = {isa = PBXFileReference; lastKnownFileType = audio.mp3; path = manchester_united.mp3; sourceTree = "<group>"; };
		A237E7BC29E4E94F0061A22C /* arsenal.mp3 */ = {isa = PBXFileReference; lastKnownFileType = audio.mp3; path = arsenal.mp3; sourceTree = "<group>"; };
		A237E7BD29E4E94F0061A22C /* everton.mp3 */ = {isa = PBXFileReference; lastKnownFileType = audio.mp3; path = everton.mp3; sourceTree = "<group>"; };
		A237E7BE29E4E94F0061A22C /* Teams.swift */ = {isa = PBXFileReference; fileEncoding = 4; lastKnownFileType = sourcecode.swift; path = Teams.swift; sourceTree = "<group>"; };
		A237E7D329E4E97A0061A22C /* Assets.xcassets */ = {isa = PBXFileReference; lastKnownFileType = folder.assetcatalog; path = Assets.xcassets; sourceTree = "<group>"; };
		A237E7D629E4E9A30061A22C /* TeamsViewModel.swift */ = {isa = PBXFileReference; fileEncoding = 4; lastKnownFileType = sourcecode.swift; path = TeamsViewModel.swift; sourceTree = "<group>"; };
		A237E7D929E4FB220061A22C /* ChantsViewController.swift */ = {isa = PBXFileReference; lastKnownFileType = sourcecode.swift; path = ChantsViewController.swift; sourceTree = "<group>"; };
		A237E7DC29E626610061A22C /* Team.swift */ = {isa = PBXFileReference; lastKnownFileType = sourcecode.swift; path = Team.swift; sourceTree = "<group>"; };
		A237E7DE29E626F70061A22C /* Manager.swift */ = {isa = PBXFileReference; lastKnownFileType = sourcecode.swift; path = Manager.swift; sourceTree = "<group>"; };
/* End PBXFileReference section */

/* Begin PBXFrameworksBuildPhase section */
		A237E78F29E4E49C0061A22C /* Frameworks */ = {
			isa = PBXFrameworksBuildPhase;
			buildActionMask = 2147483647;
			files = (
			);
			runOnlyForDeploymentPostprocessing = 0;
		};
/* End PBXFrameworksBuildPhase section */

/* Begin PBXGroup section */
		A237E78929E4E49C0061A22C = {
			isa = PBXGroup;
			children = (
				A237E79429E4E49C0061A22C /* FootballChants */,
				A237E79329E4E49C0061A22C /* Products */,
			);
			sourceTree = "<group>";
		};
		A237E79329E4E49C0061A22C /* Products */ = {
			isa = PBXGroup;
			children = (
				A237E79229E4E49C0061A22C /* FootballChants.app */,
			);
			name = Products;
			sourceTree = "<group>";
		};
		A237E79429E4E49C0061A22C /* FootballChants */ = {
			isa = PBXGroup;
			children = (
				A237E7DB29E626310061A22C /* Model */,
				A237E7D829E4FAC20061A22C /* ViewControllers */,
				A237E7A929E4E94F0061A22C /* Resources */,
				A237E7D529E4E9A30061A22C /* ViewModel */,
				A237E79529E4E49C0061A22C /* AppDelegate.swift */,
				A237E79729E4E49C0061A22C /* SceneDelegate.swift */,
				A237E7D329E4E97A0061A22C /* Assets.xcassets */,
				A237E79B29E4E49C0061A22C /* Main.storyboard */,
				A237E7A029E4E49D0061A22C /* LaunchScreen.storyboard */,
				A237E7A329E4E49D0061A22C /* Info.plist */,
			);
			path = FootballChants;
			sourceTree = "<group>";
		};
		A237E7A929E4E94F0061A22C /* Resources */ = {
			isa = PBXGroup;
			children = (
				A237E7AA29E4E94F0061A22C /* Chants */,
				A237E7BE29E4E94F0061A22C /* Teams.swift */,
			);
			path = Resources;
			sourceTree = "<group>";
		};
		A237E7AA29E4E94F0061A22C /* Chants */ = {
			isa = PBXGroup;
			children = (
				A237E7AB29E4E94F0061A22C /* burnley.mp3 */,
				A237E7AC29E4E94F0061A22C /* newcastle.mp3 */,
				A237E7AD29E4E94F0061A22C /* sheffield.mp3 */,
				A237E7AE29E4E94F0061A22C /* west_brom.mp3 */,
				A237E7AF29E4E94F0061A22C /* wolves.mp3 */,
				A237E7B029E4E94F0061A22C /* aston_villa.mp3 */,
				A237E7B129E4E94F0061A22C /* liverpool.mp3 */,
				A237E7B229E4E94F0061A22C /* fulham.mp3 */,
				A237E7B329E4E94F0061A22C /* southampton.mp3 */,
				A237E7B429E4E94F0061A22C /* chelsea.mp3 */,
				A237E7B529E4E94F0061A22C /* leeds.mp3 */,
				A237E7B629E4E94F0061A22C /* palace.mp3 */,
				A237E7B729E4E94F0061A22C /* tottenham.mp3 */,
				A237E7B829E4E94F0061A22C /* brighton.mp3 */,
				A237E7B929E4E94F0061A22C /* leicester.mp3 */,
				A237E7BA29E4E94F0061A22C /* manchester_city.mp3 */,
				A237E7BB29E4E94F0061A22C /* manchester_united.mp3 */,
				A237E7BC29E4E94F0061A22C /* arsenal.mp3 */,
				A237E7BD29E4E94F0061A22C /* everton.mp3 */,
			);
			path = Chants;
			sourceTree = "<group>";
		};
		A237E7D529E4E9A30061A22C /* ViewModel */ = {
			isa = PBXGroup;
			children = (
				A237E7D629E4E9A30061A22C /* TeamsViewModel.swift */,
			);
			path = ViewModel;
			sourceTree = "<group>";
		};
		A237E7D829E4FAC20061A22C /* ViewControllers */ = {
			isa = PBXGroup;
			children = (
				A237E7D929E4FB220061A22C /* ChantsViewController.swift */,
			);
			path = ViewControllers;
			sourceTree = "<group>";
		};
		A237E7DB29E626310061A22C /* Model */ = {
			isa = PBXGroup;
			children = (
				A237E7DC29E626610061A22C /* Team.swift */,
				A237E7DE29E626F70061A22C /* Manager.swift */,
			);
			path = Model;
			sourceTree = "<group>";
		};
/* End PBXGroup section */

/* Begin PBXNativeTarget section */
		A237E79129E4E49C0061A22C /* FootballChants */ = {
			isa = PBXNativeTarget;
			buildConfigurationList = A237E7A629E4E49D0061A22C /* Build configuration list for PBXNativeTarget "FootballChants" */;
			buildPhases = (
				A237E78E29E4E49C0061A22C /* Sources */,
				A237E78F29E4E49C0061A22C /* Frameworks */,
				A237E79029E4E49C0061A22C /* Resources */,
			);
			buildRules = (
			);
			dependencies = (
			);
			name = FootballChants;
			productName = FootballChants;
			productReference = A237E79229E4E49C0061A22C /* FootballChants.app */;
			productType = "com.apple.product-type.application";
		};
/* End PBXNativeTarget section */

/* Begin PBXProject section */
		A237E78A29E4E49C0061A22C /* Project object */ = {
			isa = PBXProject;
			attributes = {
				BuildIndependentTargetsInParallel = 1;
				LastSwiftUpdateCheck = 1410;
				LastUpgradeCheck = 1410;
				TargetAttributes = {
					A237E79129E4E49C0061A22C = {
						CreatedOnToolsVersion = 14.1;
					};
				};
			};
			buildConfigurationList = A237E78D29E4E49C0061A22C /* Build configuration list for PBXProject "FootballChants" */;
			compatibilityVersion = "Xcode 14.0";
			developmentRegion = en;
			hasScannedForEncodings = 0;
			knownRegions = (
				en,
				Base,
			);
			mainGroup = A237E78929E4E49C0061A22C;
			productRefGroup = A237E79329E4E49C0061A22C /* Products */;
			projectDirPath = "";
			projectRoot = "";
			targets = (
				A237E79129E4E49C0061A22C /* FootballChants */,
			);
		};
/* End PBXProject section */

/* Begin PBXResourcesBuildPhase section */
		A237E79029E4E49C0061A22C /* Resources */ = {
			isa = PBXResourcesBuildPhase;
			buildActionMask = 2147483647;
			files = (
				A237E7CA29E4E94F0061A22C /* palace.mp3 in Resources */,
				A237E7C629E4E94F0061A22C /* fulham.mp3 in Resources */,
				A237E7D429E4E97A0061A22C /* Assets.xcassets in Resources */,
				A237E7C829E4E94F0061A22C /* chelsea.mp3 in Resources */,
				A237E7C329E4E94F0061A22C /* wolves.mp3 in Resources */,
				A237E7D129E4E94F0061A22C /* everton.mp3 in Resources */,
				A237E7A229E4E49D0061A22C /* LaunchScreen.storyboard in Resources */,
				A237E7C729E4E94F0061A22C /* southampton.mp3 in Resources */,
				A237E7C429E4E94F0061A22C /* aston_villa.mp3 in Resources */,
				A237E7CD29E4E94F0061A22C /* leicester.mp3 in Resources */,
				A237E7C029E4E94F0061A22C /* newcastle.mp3 in Resources */,
				A237E7CF29E4E94F0061A22C /* manchester_united.mp3 in Resources */,
				A237E7C229E4E94F0061A22C /* west_brom.mp3 in Resources */,
				A237E7C129E4E94F0061A22C /* sheffield.mp3 in Resources */,
				A237E7BF29E4E94F0061A22C /* burnley.mp3 in Resources */,
				A237E79D29E4E49C0061A22C /* Main.storyboard in Resources */,
				A237E7C929E4E94F0061A22C /* leeds.mp3 in Resources */,
				A237E7C529E4E94F0061A22C /* liverpool.mp3 in Resources */,
				A237E7CB29E4E94F0061A22C /* tottenham.mp3 in Resources */,
				A237E7CC29E4E94F0061A22C /* brighton.mp3 in Resources */,
				A237E7D029E4E94F0061A22C /* arsenal.mp3 in Resources */,
				A237E7CE29E4E94F0061A22C /* manchester_city.mp3 in Resources */,
			);
			runOnlyForDeploymentPostprocessing = 0;
		};
/* End PBXResourcesBuildPhase section */

/* Begin PBXSourcesBuildPhase section */
		A237E78E29E4E49C0061A22C /* Sources */ = {
			isa = PBXSourcesBuildPhase;
			buildActionMask = 2147483647;
			files = (
				A237E7DD29E626610061A22C /* Team.swift in Sources */,
				A237E7D229E4E94F0061A22C /* Teams.swift in Sources */,
				A237E79629E4E49C0061A22C /* AppDelegate.swift in Sources */,
				A237E7D729E4E9A30061A22C /* TeamsViewModel.swift in Sources */,
				A237E7DF29E626F70061A22C /* Manager.swift in Sources */,
				A237E79829E4E49C0061A22C /* SceneDelegate.swift in Sources */,
				A237E7DA29E4FB220061A22C /* ChantsViewController.swift in Sources */,
			);
			runOnlyForDeploymentPostprocessing = 0;
		};
/* End PBXSourcesBuildPhase section */

/* Begin PBXVariantGroup section */
		A237E79B29E4E49C0061A22C /* Main.storyboard */ = {
			isa = PBXVariantGroup;
			children = (
				A237E79C29E4E49C0061A22C /* Base */,
			);
			name = Main.storyboard;
			sourceTree = "<group>";
		};
		A237E7A029E4E49D0061A22C /* LaunchScreen.storyboard */ = {
			isa = PBXVariantGroup;
			children = (
				A237E7A129E4E49D0061A22C /* Base */,
			);
			name = LaunchScreen.storyboard;
			sourceTree = "<group>";
		};
/* End PBXVariantGroup section */

/* Begin XCBuildConfiguration section */
		A237E7A429E4E49D0061A22C /* Debug */ = {
			isa = XCBuildConfiguration;
			buildSettings = {
				ALWAYS_SEARCH_USER_PATHS = NO;
				CLANG_ANALYZER_NONNULL = YES;
				CLANG_ANALYZER_NUMBER_OBJECT_CONVERSION = YES_AGGRESSIVE;
				CLANG_CXX_LANGUAGE_STANDARD = "gnu++20";
				CLANG_ENABLE_MODULES = YES;
				CLANG_ENABLE_OBJC_ARC = YES;
				CLANG_ENABLE_OBJC_WEAK = YES;
				CLANG_WARN_BLOCK_CAPTURE_AUTORELEASING = YES;
				CLANG_WARN_BOOL_CONVERSION = YES;
				CLANG_WARN_COMMA = YES;
				CLANG_WARN_CONSTANT_CONVERSION = YES;
				CLANG_WARN_DEPRECATED_OBJC_IMPLEMENTATIONS = YES;
				CLANG_WARN_DIRECT_OBJC_ISA_USAGE = YES_ERROR;
				CLANG_WARN_DOCUMENTATION_COMMENTS = YES;
				CLANG_WARN_EMPTY_BODY = YES;
				CLANG_WARN_ENUM_CONVERSION = YES;
				CLANG_WARN_INFINITE_RECURSION = YES;
				CLANG_WARN_INT_CONVERSION = YES;
				CLANG_WARN_NON_LITERAL_NULL_CONVERSION = YES;
				CLANG_WARN_OBJC_IMPLICIT_RETAIN_SELF = YES;
				CLANG_WARN_OBJC_LITERAL_CONVERSION = YES;
				CLANG_WARN_OBJC_ROOT_CLASS = YES_ERROR;
				CLANG_WARN_QUOTED_INCLUDE_IN_FRAMEWORK_HEADER = YES;
				CLANG_WARN_RANGE_LOOP_ANALYSIS = YES;
				CLANG_WARN_STRICT_PROTOTYPES = YES;
				CLANG_WARN_SUSPICIOUS_MOVE = YES;
				CLANG_WARN_UNGUARDED_AVAILABILITY = YES_AGGRESSIVE;
				CLANG_WARN_UNREACHABLE_CODE = YES;
				CLANG_WARN__DUPLICATE_METHOD_MATCH = YES;
				COPY_PHASE_STRIP = NO;
				DEBUG_INFORMATION_FORMAT = dwarf;
				ENABLE_STRICT_OBJC_MSGSEND = YES;
				ENABLE_TESTABILITY = YES;
				GCC_C_LANGUAGE_STANDARD = gnu11;
				GCC_DYNAMIC_NO_PIC = NO;
				GCC_NO_COMMON_BLOCKS = YES;
				GCC_OPTIMIZATION_LEVEL = 0;
				GCC_PREPROCESSOR_DEFINITIONS = (
					"DEBUG=1",
					"$(inherited)",
				);
				GCC_WARN_64_TO_32_BIT_CONVERSION = YES;
				GCC_WARN_ABOUT_RETURN_TYPE = YES_ERROR;
				GCC_WARN_UNDECLARED_SELECTOR = YES;
				GCC_WARN_UNINITIALIZED_AUTOS = YES_AGGRESSIVE;
				GCC_WARN_UNUSED_FUNCTION = YES;
				GCC_WARN_UNUSED_VARIABLE = YES;
				IPHONEOS_DEPLOYMENT_TARGET = 16.1;
				MTL_ENABLE_DEBUG_INFO = INCLUDE_SOURCE;
				MTL_FAST_MATH = YES;
				ONLY_ACTIVE_ARCH = YES;
				SDKROOT = iphoneos;
				SWIFT_ACTIVE_COMPILATION_CONDITIONS = DEBUG;
				SWIFT_OPTIMIZATION_LEVEL = "-Onone";
			};
			name = Debug;
		};
		A237E7A529E4E49D0061A22C /* Release */ = {
			isa = XCBuildConfiguration;
			buildSettings = {
				ALWAYS_SEARCH_USER_PATHS = NO;
				CLANG_ANALYZER_NONNULL = YES;
				CLANG_ANALYZER_NUMBER_OBJECT_CONVERSION = YES_AGGRESSIVE;
				CLANG_CXX_LANGUAGE_STANDARD = "gnu++20";
				CLANG_ENABLE_MODULES = YES;
				CLANG_ENABLE_OBJC_ARC = YES;
				CLANG_ENABLE_OBJC_WEAK = YES;
				CLANG_WARN_BLOCK_CAPTURE_AUTORELEASING = YES;
				CLANG_WARN_BOOL_CONVERSION = YES;
				CLANG_WARN_COMMA = YES;
				CLANG_WARN_CONSTANT_CONVERSION = YES;
				CLANG_WARN_DEPRECATED_OBJC_IMPLEMENTATIONS = YES;
				CLANG_WARN_DIRECT_OBJC_ISA_USAGE = YES_ERROR;
				CLANG_WARN_DOCUMENTATION_COMMENTS = YES;
				CLANG_WARN_EMPTY_BODY = YES;
				CLANG_WARN_ENUM_CONVERSION = YES;
				CLANG_WARN_INFINITE_RECURSION = YES;
				CLANG_WARN_INT_CONVERSION = YES;
				CLANG_WARN_NON_LITERAL_NULL_CONVERSION = YES;
				CLANG_WARN_OBJC_IMPLICIT_RETAIN_SELF = YES;
				CLANG_WARN_OBJC_LITERAL_CONVERSION = YES;
				CLANG_WARN_OBJC_ROOT_CLASS = YES_ERROR;
				CLANG_WARN_QUOTED_INCLUDE_IN_FRAMEWORK_HEADER = YES;
				CLANG_WARN_RANGE_LOOP_ANALYSIS = YES;
				CLANG_WARN_STRICT_PROTOTYPES = YES;
				CLANG_WARN_SUSPICIOUS_MOVE = YES;
				CLANG_WARN_UNGUARDED_AVAILABILITY = YES_AGGRESSIVE;
				CLANG_WARN_UNREACHABLE_CODE = YES;
				CLANG_WARN__DUPLICATE_METHOD_MATCH = YES;
				COPY_PHASE_STRIP = NO;
				DEBUG_INFORMATION_FORMAT = "dwarf-with-dsym";
				ENABLE_NS_ASSERTIONS = NO;
				ENABLE_STRICT_OBJC_MSGSEND = YES;
				GCC_C_LANGUAGE_STANDARD = gnu11;
				GCC_NO_COMMON_BLOCKS = YES;
				GCC_WARN_64_TO_32_BIT_CONVERSION = YES;
				GCC_WARN_ABOUT_RETURN_TYPE = YES_ERROR;
				GCC_WARN_UNDECLARED_SELECTOR = YES;
				GCC_WARN_UNINITIALIZED_AUTOS = YES_AGGRESSIVE;
				GCC_WARN_UNUSED_FUNCTION = YES;
				GCC_WARN_UNUSED_VARIABLE = YES;
				IPHONEOS_DEPLOYMENT_TARGET = 16.1;
				MTL_ENABLE_DEBUG_INFO = NO;
				MTL_FAST_MATH = YES;
				SDKROOT = iphoneos;
				SWIFT_COMPILATION_MODE = wholemodule;
				SWIFT_OPTIMIZATION_LEVEL = "-O";
				VALIDATE_PRODUCT = YES;
			};
			name = Release;
		};
		A237E7A729E4E49D0061A22C /* Debug */ = {
			isa = XCBuildConfiguration;
			buildSettings = {
				ASSETCATALOG_COMPILER_APPICON_NAME = AppIcon;
				ASSETCATALOG_COMPILER_GLOBAL_ACCENT_COLOR_NAME = AccentColor;
				CODE_SIGN_STYLE = Automatic;
				CURRENT_PROJECT_VERSION = 1;
				GENERATE_INFOPLIST_FILE = YES;
				INFOPLIST_FILE = FootballChants/Info.plist;
				INFOPLIST_KEY_UIApplicationSupportsIndirectInputEvents = YES;
				INFOPLIST_KEY_UILaunchStoryboardName = LaunchScreen;
				INFOPLIST_KEY_UIMainStoryboardFile = Main;
				INFOPLIST_KEY_UISupportedInterfaceOrientations = UIInterfaceOrientationPortrait;
				IPHONEOS_DEPLOYMENT_TARGET = 13.0;
				LD_RUNPATH_SEARCH_PATHS = (
					"$(inherited)",
					"@executable_path/Frameworks",
				);
				MARKETING_VERSION = 1.0;
				PRODUCT_BUNDLE_IDENTIFIER = spich.co.FootballChants;
				PRODUCT_NAME = "$(TARGET_NAME)";
				SUPPORTED_PLATFORMS = "iphoneos iphonesimulator";
				SUPPORTS_MACCATALYST = NO;
				SUPPORTS_MAC_DESIGNED_FOR_IPHONE_IPAD = NO;
				SWIFT_EMIT_LOC_STRINGS = YES;
				SWIFT_VERSION = 5.0;
				TARGETED_DEVICE_FAMILY = 1;
			};
			name = Debug;
		};
		A237E7A829E4E49D0061A22C /* Release */ = {
			isa = XCBuildConfiguration;
			buildSettings = {
				ASSETCATALOG_COMPILER_APPICON_NAME = AppIcon;
				ASSETCATALOG_COMPILER_GLOBAL_ACCENT_COLOR_NAME = AccentColor;
				CODE_SIGN_STYLE = Automatic;
				CURRENT_PROJECT_VERSION = 1;
				GENERATE_INFOPLIST_FILE = YES;
				INFOPLIST_FILE = FootballChants/Info.plist;
				INFOPLIST_KEY_UIApplicationSupportsIndirectInputEvents = YES;
				INFOPLIST_KEY_UILaunchStoryboardName = LaunchScreen;
				INFOPLIST_KEY_UIMainStoryboardFile = Main;
				INFOPLIST_KEY_UISupportedInterfaceOrientations = UIInterfaceOrientationPortrait;
				IPHONEOS_DEPLOYMENT_TARGET = 13.0;
				LD_RUNPATH_SEARCH_PATHS = (
					"$(inherited)",
					"@executable_path/Frameworks",
				);
				MARKETING_VERSION = 1.0;
				PRODUCT_BUNDLE_IDENTIFIER = spich.co.FootballChants;
				PRODUCT_NAME = "$(TARGET_NAME)";
				SUPPORTED_PLATFORMS = "iphoneos iphonesimulator";
				SUPPORTS_MACCATALYST = NO;
				SUPPORTS_MAC_DESIGNED_FOR_IPHONE_IPAD = NO;
				SWIFT_EMIT_LOC_STRINGS = YES;
				SWIFT_VERSION = 5.0;
				TARGETED_DEVICE_FAMILY = 1;
			};
			name = Release;
		};
/* End XCBuildConfiguration section */

/* Begin XCConfigurationList section */
		A237E78D29E4E49C0061A22C /* Build configuration list for PBXProject "FootballChants" */ = {
			isa = XCConfigurationList;
			buildConfigurations = (
				A237E7A429E4E49D0061A22C /* Debug */,
				A237E7A529E4E49D0061A22C /* Release */,
			);
			defaultConfigurationIsVisible = 0;
			defaultConfigurationName = Release;
		};
		A237E7A629E4E49D0061A22C /* Build configuration list for PBXNativeTarget "FootballChants" */ = {
			isa = XCConfigurationList;
			buildConfigurations = (
				A237E7A729E4E49D0061A22C /* Debug */,
				A237E7A829E4E49D0061A22C /* Release */,
			);
			defaultConfigurationIsVisible = 0;
			defaultConfigurationName = Release;
		};
/* End XCConfigurationList section */
	};
	rootObject = A237E78A29E4E49C0061A22C /* Project object */;
}
